
Microsoft Visual Studio Solution File, Format Version 12.00
# Visual Studio Version 17
VisualStudioVersion = 17.11.35222.181
MinimumVisualStudioVersion = 10.0.40219.1
Project("{FAE04EC0-301F-11D3-BF4B-00C04F79EFBC}") = "Json_Ornegi", "Json_Ornegi.csproj", "{7CDB60DB-EA8C-47E1-B997-FBD9A84704D1}"
EndProject
Global
	GlobalSection(SolutionConfigurationPlatforms) = preSolution
		Debug|Any CPU = Debug|Any CPU
		Release|Any CPU = Release|Any CPU
	EndGlobalSection
	GlobalSection(ProjectConfigurationPlatforms) = postSolution
		{7CDB60DB-EA8C-47E1-B997-FBD9A84704D1}.Debug|Any CPU.ActiveCfg = Debug|Any CPU
		{7CDB60DB-EA8C-47E1-B997-FBD9A84704D1}.Debug|Any CPU.Build.0 = Debug|Any CPU
		{7CDB60DB-EA8C-47E1-B997-FBD9A84704D1}.Release|Any CPU.ActiveCfg = Release|Any CPU
		{7CDB60DB-EA8C-47E1-B997-FBD9A84704D1}.Release|Any CPU.Build.0 = Release|Any CPU
	EndGlobalSection
	GlobalSection(SolutionProperties) = preSolution
		HideSolutionNode = FALSE
	EndGlobalSection
	GlobalSection(ExtensibilityGlobals) = postSolution
		SolutionGuid = {A53E2655-94A9-4C34-8E4E-CA79EE143473}
	EndGlobalSection
EndGlobal
